
Microsoft Visual Studio Solution File, Format Version 12.00
# Visual Studio Version 16
VisualStudioVersion = 16.0.29411.138
MinimumVisualStudioVersion = 10.0.40219.1
Project("{FAE04EC0-301F-11D3-BF4B-00C04F79EFBC}") = "SaveRestoreDataGridLayout", "SaveRestoreDataGridLayout\SaveRestoreDataGridLayout.csproj", "{12F9D0D6-C12D-4EB4-A0A9-3387E63410D6}"
EndProject
Global
	GlobalSection(SolutionConfigurationPlatforms) = preSolution
		Debug|Any CPU = Debug|Any CPU
		Release|Any CPU = Release|Any CPU
	EndGlobalSection
	GlobalSection(ProjectConfigurationPlatforms) = postSolution
		{12F9D0D6-C12D-4EB4-A0A9-3387E63410D6}.Debug|Any CPU.ActiveCfg = Debug|Any CPU
		{12F9D0D6-C12D-4EB4-A0A9-3387E63410D6}.Debug|Any CPU.Build.0 = Debug|Any CPU
		{12F9D0D6-C12D-4EB4-A0A9-3387E63410D6}.Release|Any CPU.ActiveCfg = Release|Any CPU
		{12F9D0D6-C12D-4EB4-A0A9-3387E63410D6}.Release|Any CPU.Build.0 = Release|Any CPU
	EndGlobalSection
	GlobalSection(SolutionProperties) = preSolution
		HideSolutionNode = FALSE
	EndGlobalSection
	GlobalSection(ExtensibilityGlobals) = postSolution
		SolutionGuid = {25173818-DB66-4BE5-A3F0-EA95DA30C646}
	EndGlobalSection
EndGlobal
