
Microsoft Visual Studio Solution File, Format Version 12.00
# Visual Studio Version 17
VisualStudioVersion = 17.1.32328.378
MinimumVisualStudioVersion = 10.0.40219.1
Project("{FAE04EC0-301F-11D3-BF4B-00C04F79EFBC}") = "SaveAndRestoreLayout", "SaveAndRestoreLayout\SaveAndRestoreLayout.csproj", "{A29581F2-F9EF-41A2-B81B-5970BF46F5B8}"
EndProject
Global
	GlobalSection(SolutionConfigurationPlatforms) = preSolution
		Debug|Any CPU = Debug|Any CPU
		Release|Any CPU = Release|Any CPU
	EndGlobalSection
	GlobalSection(ProjectConfigurationPlatforms) = postSolution
		{A29581F2-F9EF-41A2-B81B-5970BF46F5B8}.Debug|Any CPU.ActiveCfg = Debug|Any CPU
		{A29581F2-F9EF-41A2-B81B-5970BF46F5B8}.Debug|Any CPU.Build.0 = Debug|Any CPU
		{A29581F2-F9EF-41A2-B81B-5970BF46F5B8}.Release|Any CPU.ActiveCfg = Release|Any CPU
		{A29581F2-F9EF-41A2-B81B-5970BF46F5B8}.Release|Any CPU.Build.0 = Release|Any CPU
	EndGlobalSection
	GlobalSection(SolutionProperties) = preSolution
		HideSolutionNode = FALSE
	EndGlobalSection
	GlobalSection(ExtensibilityGlobals) = postSolution
		SolutionGuid = {5E120F6F-4E2C-47D0-96D5-F3CED79566AC}
	EndGlobalSection
EndGlobal
